
Microsoft Visual Studio Solution File, Format Version 12.00
# Visual Studio Version 16
VisualStudioVersion = 16.0.30320.27
MinimumVisualStudioVersion = 10.0.40219.1
Project("{FAE04EC0-301F-11D3-BF4B-00C04F79EFBC}") = "Task_Manager", "Task_Manager\Task_Manager.csproj", "{20162C4D-BFE3-4CE9-9EAE-E107D9BADD95}"
EndProject
Global
	GlobalSection(SolutionConfigurationPlatforms) = preSolution
		Debug|Any CPU = Debug|Any CPU
		Release|Any CPU = Release|Any CPU
	EndGlobalSection
	GlobalSection(ProjectConfigurationPlatforms) = postSolution
		{20162C4D-BFE3-4CE9-9EAE-E107D9BADD95}.Debug|Any CPU.ActiveCfg = Debug|Any CPU
		{20162C4D-BFE3-4CE9-9EAE-E107D9BADD95}.Debug|Any CPU.Build.0 = Debug|Any CPU
		{20162C4D-BFE3-4CE9-9EAE-E107D9BADD95}.Release|Any CPU.ActiveCfg = Release|Any CPU
		{20162C4D-BFE3-4CE9-9EAE-E107D9BADD95}.Release|Any CPU.Build.0 = Release|Any CPU
	EndGlobalSection
	GlobalSection(SolutionProperties) = preSolution
		HideSolutionNode = FALSE
	EndGlobalSection
	GlobalSection(ExtensibilityGlobals) = postSolution
		SolutionGuid = {1AF0B0DE-1D37-4824-8687-1E8A8C939D25}
	EndGlobalSection
EndGlobal
